
Microsoft Visual Studio Solution File, Format Version 10.00
# Visual Studio 2008
Project("{F184B08F-C81C-45F6-A57F-5ABD9991F28F}") = "WindowsApplication1", "WindowsApplication1.vbproj", "{54DB8AA7-659D-47B3-B6AD-F6BAFC911DCD}"
EndProject
Global
	GlobalSection(SolutionConfigurationPlatforms) = preSolution
		Debug|Any CPU = Debug|Any CPU
		Release|Any CPU = Release|Any CPU
	EndGlobalSection
	GlobalSection(ProjectConfigurationPlatforms) = postSolution
		{54DB8AA7-659D-47B3-B6AD-F6BAFC911DCD}.Debug|Any CPU.ActiveCfg = Debug|Any CPU
		{54DB8AA7-659D-47B3-B6AD-F6BAFC911DCD}.Debug|Any CPU.Build.0 = Debug|Any CPU
		{54DB8AA7-659D-47B3-B6AD-F6BAFC911DCD}.Release|Any CPU.ActiveCfg = Release|Any CPU
		{54DB8AA7-659D-47B3-B6AD-F6BAFC911DCD}.Release|Any CPU.Build.0 = Release|Any CPU
	EndGlobalSection
	GlobalSection(SolutionProperties) = preSolution
		HideSolutionNode = FALSE
	EndGlobalSection
	GlobalSection(ExtensibilityGlobals) = postSolution
		VisualSVNWorkingCopyRoot = .
	EndGlobalSection
EndGlobal
